
Microsoft Visual Studio Solution File, Format Version 12.00
# Visual Studio Version 17
VisualStudioVersion = 17.11.35222.181
MinimumVisualStudioVersion = 10.0.40219.1
Project("{FAE04EC0-301F-11D3-BF4B-00C04F79EFBC}") = "lab10", "lab10\lab10.csproj", "{EE800BA8-9649-40F1-AF08-A10531A18DD9}"
EndProject
Global
	GlobalSection(SolutionConfigurationPlatforms) = preSolution
		Debug|Any CPU = Debug|Any CPU
		Release|Any CPU = Release|Any CPU
	EndGlobalSection
	GlobalSection(ProjectConfigurationPlatforms) = postSolution
		{EE800BA8-9649-40F1-AF08-A10531A18DD9}.Debug|Any CPU.ActiveCfg = Debug|Any CPU
		{EE800BA8-9649-40F1-AF08-A10531A18DD9}.Debug|Any CPU.Build.0 = Debug|Any CPU
		{EE800BA8-9649-40F1-AF08-A10531A18DD9}.Release|Any CPU.ActiveCfg = Release|Any CPU
		{EE800BA8-9649-40F1-AF08-A10531A18DD9}.Release|Any CPU.Build.0 = Release|Any CPU
	EndGlobalSection
	GlobalSection(SolutionProperties) = preSolution
		HideSolutionNode = FALSE
	EndGlobalSection
	GlobalSection(ExtensibilityGlobals) = postSolution
		SolutionGuid = {5E84CBB6-A48D-4036-928F-2D3BF417FD74}
	EndGlobalSection
EndGlobal
